
Microsoft Visual Studio Solution File, Format Version 12.00
# Visual Studio Version 16
VisualStudioVersion = 16.0.29920.165
MinimumVisualStudioVersion = 10.0.40219.1
Project("{FAE04EC0-301F-11D3-BF4B-00C04F79EFBC}") = "Kolokwium2", "Kolokwium2\Kolokwium2.csproj", "{197BEC32-0CF9-44B8-86F6-2E3EFC61A09A}"
EndProject
Global
	GlobalSection(SolutionConfigurationPlatforms) = preSolution
		Debug|Any CPU = Debug|Any CPU
		Release|Any CPU = Release|Any CPU
	EndGlobalSection
	GlobalSection(ProjectConfigurationPlatforms) = postSolution
		{197BEC32-0CF9-44B8-86F6-2E3EFC61A09A}.Debug|Any CPU.ActiveCfg = Debug|Any CPU
		{197BEC32-0CF9-44B8-86F6-2E3EFC61A09A}.Debug|Any CPU.Build.0 = Debug|Any CPU
		{197BEC32-0CF9-44B8-86F6-2E3EFC61A09A}.Release|Any CPU.ActiveCfg = Release|Any CPU
		{197BEC32-0CF9-44B8-86F6-2E3EFC61A09A}.Release|Any CPU.Build.0 = Release|Any CPU
	EndGlobalSection
	GlobalSection(SolutionProperties) = preSolution
		HideSolutionNode = FALSE
	EndGlobalSection
	GlobalSection(ExtensibilityGlobals) = postSolution
		SolutionGuid = {1D083B4D-7B47-4BAD-ACE4-71E2D43378C5}
	EndGlobalSection
EndGlobal
